
Microsoft Visual Studio Solution File, Format Version 12.00
# Visual Studio Version 17
VisualStudioVersion = 17.4.33110.190
MinimumVisualStudioVersion = 10.0.40219.1
Project("{FAE04EC0-301F-11D3-BF4B-00C04F79EFBC}") = "ApiTipoCambio", "ApiTipoCambio\ApiTipoCambio.csproj", "{280076C9-4C44-41B4-ADF1-E32F3CB3F5D3}"
EndProject
Global
	GlobalSection(SolutionConfigurationPlatforms) = preSolution
		Debug|Any CPU = Debug|Any CPU
		Release|Any CPU = Release|Any CPU
	EndGlobalSection
	GlobalSection(ProjectConfigurationPlatforms) = postSolution
		{280076C9-4C44-41B4-ADF1-E32F3CB3F5D3}.Debug|Any CPU.ActiveCfg = Debug|Any CPU
		{280076C9-4C44-41B4-ADF1-E32F3CB3F5D3}.Debug|Any CPU.Build.0 = Debug|Any CPU
		{280076C9-4C44-41B4-ADF1-E32F3CB3F5D3}.Release|Any CPU.ActiveCfg = Release|Any CPU
		{280076C9-4C44-41B4-ADF1-E32F3CB3F5D3}.Release|Any CPU.Build.0 = Release|Any CPU
	EndGlobalSection
	GlobalSection(SolutionProperties) = preSolution
		HideSolutionNode = FALSE
	EndGlobalSection
	GlobalSection(ExtensibilityGlobals) = postSolution
		SolutionGuid = {C34E491A-1836-43D1-A6FC-AE8C284E1533}
	EndGlobalSection
EndGlobal
